{
  "pins" : [
    {
      "identity" : "asn1swift",
      "kind" : "remoteSourceControl",
      "location" : "https://github.com/BeehiveInnovations/ASN1Swift.git",
      "state" : {
        "branch" : "master",
        "revision" : "03635bab4fda57fd7a812b399ef8f5ea782bfbc7"
      }
    }
  ],
  "version" : 2
}
